{
  "nodes": {
    "nixpkgs": {
      "locked": {
        "lastModified": 1739923778,
        "narHash": "sha256-BqUY8tz0AQ4to2Z4+uaKczh81zsGZSYxjgvtw+fvIfM=",
        "owner": "NixOS",
        "repo": "nixpkgs",
        "rev": "36864ed72f234b9540da4cf7a0c49e351d30d3f1",
        "type": "github"
      },
      "original": {
        "id": "nixpkgs",
        "ref": "nixos-24.11",
        "type": "indirect"
      }
    },
    "root": {
      "inputs": {
        "nixpkgs": "nixpkgs",
        "rust-overlay": "rust-overlay"
      }
    },
    "rust-overlay": {
      "inputs": {
        "nixpkgs": [
          "nixpkgs"
        ]
      },
      "locked": {
        "lastModified": 1740018520,
        "narHash": "sha256-mU6H0Q1WPn0XuwBO9SLZb/1yeVMfvsifBJcXNlhB+Ts=",
        "owner": "oxalica",
        "repo": "rust-overlay",
        "rev": "7f6ecf3b7c5bfcc4730943a767630122efd09dc8",
        "type": "github"
      },
      "original": {
        "owner": "oxalica",
        "repo": "rust-overlay",
        "type": "github"
      }
    }
  },
  "root": "root",
  "version": 7
}
